
Microsoft Visual Studio Solution File, Format Version 12.00
# Visual Studio Version 17
VisualStudioVersion = 17.9.34616.47
MinimumVisualStudioVersion = 10.0.40219.1
Project("{FAE04EC0-301F-11D3-BF4B-00C04F79EFBC}") = "WpfApp1Study", "WpfApp1Study.csproj", "{F39BA1FA-9185-46D3-9439-F63086BCB838}"
EndProject
Project("{FAE04EC0-301F-11D3-BF4B-00C04F79EFBC}") = "BLL", "..\BLL\BLL.csproj", "{D4FD3477-308E-459F-960E-AB75D39C6699}"
EndProject
Project("{FAE04EC0-301F-11D3-BF4B-00C04F79EFBC}") = "DAL", "..\DAL\DAL.csproj", "{28F36D74-BBDC-4016-951A-25A359A0DB0D}"
EndProject
Global
	GlobalSection(SolutionConfigurationPlatforms) = preSolution
		Debug|Any CPU = Debug|Any CPU
		Release|Any CPU = Release|Any CPU
	EndGlobalSection
	GlobalSection(ProjectConfigurationPlatforms) = postSolution
		{F39BA1FA-9185-46D3-9439-F63086BCB838}.Debug|Any CPU.ActiveCfg = Debug|Any CPU
		{F39BA1FA-9185-46D3-9439-F63086BCB838}.Debug|Any CPU.Build.0 = Debug|Any CPU
		{F39BA1FA-9185-46D3-9439-F63086BCB838}.Release|Any CPU.ActiveCfg = Release|Any CPU
		{F39BA1FA-9185-46D3-9439-F63086BCB838}.Release|Any CPU.Build.0 = Release|Any CPU
		{D4FD3477-308E-459F-960E-AB75D39C6699}.Debug|Any CPU.ActiveCfg = Debug|Any CPU
		{D4FD3477-308E-459F-960E-AB75D39C6699}.Debug|Any CPU.Build.0 = Debug|Any CPU
		{D4FD3477-308E-459F-960E-AB75D39C6699}.Release|Any CPU.ActiveCfg = Release|Any CPU
		{D4FD3477-308E-459F-960E-AB75D39C6699}.Release|Any CPU.Build.0 = Release|Any CPU
		{28F36D74-BBDC-4016-951A-25A359A0DB0D}.Debug|Any CPU.ActiveCfg = Debug|Any CPU
		{28F36D74-BBDC-4016-951A-25A359A0DB0D}.Debug|Any CPU.Build.0 = Debug|Any CPU
		{28F36D74-BBDC-4016-951A-25A359A0DB0D}.Release|Any CPU.ActiveCfg = Release|Any CPU
		{28F36D74-BBDC-4016-951A-25A359A0DB0D}.Release|Any CPU.Build.0 = Release|Any CPU
	EndGlobalSection
	GlobalSection(SolutionProperties) = preSolution
		HideSolutionNode = FALSE
	EndGlobalSection
	GlobalSection(ExtensibilityGlobals) = postSolution
		SolutionGuid = {11FC9B6F-D73D-4870-93CD-E05D7FC71A13}
	EndGlobalSection
EndGlobal
